
Microsoft Visual Studio Solution File, Format Version 12.00
# Visual Studio Version 17
VisualStudioVersion = 17.10.35122.118
MinimumVisualStudioVersion = 10.0.40219.1
Project("{9A19103F-16F7-4668-BE54-9A1E7A4F7556}") = "RegistrationView", "RegistrationView\RegistrationView.csproj", "{013053DB-F52B-4361-8FAA-0BD6C0449017}"
EndProject
Global
	GlobalSection(SolutionConfigurationPlatforms) = preSolution
		Debug|Any CPU = Debug|Any CPU
		Release|Any CPU = Release|Any CPU
	EndGlobalSection
	GlobalSection(ProjectConfigurationPlatforms) = postSolution
		{013053DB-F52B-4361-8FAA-0BD6C0449017}.Debug|Any CPU.ActiveCfg = Debug|Any CPU
		{013053DB-F52B-4361-8FAA-0BD6C0449017}.Debug|Any CPU.Build.0 = Debug|Any CPU
		{013053DB-F52B-4361-8FAA-0BD6C0449017}.Release|Any CPU.ActiveCfg = Release|Any CPU
		{013053DB-F52B-4361-8FAA-0BD6C0449017}.Release|Any CPU.Build.0 = Release|Any CPU
	EndGlobalSection
	GlobalSection(SolutionProperties) = preSolution
		HideSolutionNode = FALSE
	EndGlobalSection
	GlobalSection(ExtensibilityGlobals) = postSolution
		SolutionGuid = {7F0CB315-9CA0-4542-AFE4-2EF501CE7B32}
	EndGlobalSection
EndGlobal
